
Microsoft Visual Studio Solution File, Format Version 12.00
# Visual Studio 2013
VisualStudioVersion = 12.0.31101.0
MinimumVisualStudioVersion = 10.0.40219.1
Project("{8BC9CEB8-8B4A-11D0-8D11-00A0C91BC942}") = "VisionLibrary", "VisionLibrary\VisionLibrary.vcxproj", "{281004F3-10D1-49C0-BC56-B2D4D3E65DE3}"
EndProject
Project("{8BC9CEB8-8B4A-11D0-8D11-00A0C91BC942}") = "TestVisionLibrary", "TestVisionLibrary\TestVisionLibrary.vcxproj", "{EB9D9565-3042-43AA-A770-2631BAB2BCCF}"
EndProject
Project("{8BC9CEB8-8B4A-11D0-8D11-00A0C91BC942}") = "ExtLibsBoost", "ExtLibs\2013_boost.vcxproj", "{9C478BA8-0397-448C-B0A8-351470602296}"
EndProject
Global
	GlobalSection(SolutionConfigurationPlatforms) = preSolution
		Debug|Win32 = Debug|Win32
		Release|Win32 = Release|Win32
	EndGlobalSection
	GlobalSection(ProjectConfigurationPlatforms) = postSolution
		{281004F3-10D1-49C0-BC56-B2D4D3E65DE3}.Debug|Win32.ActiveCfg = Debug|Win32
		{281004F3-10D1-49C0-BC56-B2D4D3E65DE3}.Debug|Win32.Build.0 = Debug|Win32
		{281004F3-10D1-49C0-BC56-B2D4D3E65DE3}.Release|Win32.ActiveCfg = Release|Win32
		{281004F3-10D1-49C0-BC56-B2D4D3E65DE3}.Release|Win32.Build.0 = Release|Win32
		{EB9D9565-3042-43AA-A770-2631BAB2BCCF}.Debug|Win32.ActiveCfg = Debug|Win32
		{EB9D9565-3042-43AA-A770-2631BAB2BCCF}.Debug|Win32.Build.0 = Debug|Win32
		{EB9D9565-3042-43AA-A770-2631BAB2BCCF}.Release|Win32.ActiveCfg = Release|Win32
		{EB9D9565-3042-43AA-A770-2631BAB2BCCF}.Release|Win32.Build.0 = Release|Win32
		{9C478BA8-0397-448C-B0A8-351470602296}.Debug|Win32.ActiveCfg = Debug|Win32
		{9C478BA8-0397-448C-B0A8-351470602296}.Debug|Win32.Build.0 = Debug|Win32
		{9C478BA8-0397-448C-B0A8-351470602296}.Release|Win32.ActiveCfg = Release|Win32
		{9C478BA8-0397-448C-B0A8-351470602296}.Release|Win32.Build.0 = Release|Win32
	EndGlobalSection
	GlobalSection(SolutionProperties) = preSolution
		HideSolutionNode = FALSE
	EndGlobalSection
EndGlobal
