
Microsoft Visual Studio Solution File, Format Version 12.00
# Visual Studio 2013
VisualStudioVersion = 12.0.40629.0
MinimumVisualStudioVersion = 10.0.40219.1
Project("{8BC9CEB8-8B4A-11D0-8D11-00A0C91BC942}") = "VisionLibrary", "VisionLibrary\VisionLibrary.vcxproj", "{281004F3-10D1-49C0-BC56-B2D4D3E65DE3}"
	ProjectSection(ProjectDependencies) = postProject
		{9C478BA8-0397-448C-B0A8-351470602296} = {9C478BA8-0397-448C-B0A8-351470602296}
	EndProjectSection
EndProject
Project("{8BC9CEB8-8B4A-11D0-8D11-00A0C91BC942}") = "TestVisionLibrary", "TestVisionLibrary\TestVisionLibrary.vcxproj", "{EB9D9565-3042-43AA-A770-2631BAB2BCCF}"
EndProject
Project("{8BC9CEB8-8B4A-11D0-8D11-00A0C91BC942}") = "ExtLibsBoost", "ExtLibs\2013_boost.vcxproj", "{9C478BA8-0397-448C-B0A8-351470602296}"
EndProject
Project("{8BC9CEB8-8B4A-11D0-8D11-00A0C91BC942}") = "RegressionTest", "RegressionTest\RegressionTest.vcxproj", "{948F2892-2DE7-492D-AE30-F1A0F73F901B}"
EndProject
Project("{8BC9CEB8-8B4A-11D0-8D11-00A0C91BC942}") = "VisionWidget", "VisionWidget\VisionWidget.vcxproj", "{B12702AD-ABFB-343A-A199-8E24837244A3}"
EndProject
Project("{8BC9CEB8-8B4A-11D0-8D11-00A0C91BC942}") = "JoinSplit", "JoinSplit\JoinSplit.vcxproj", "{88F7BEA9-0810-464D-A949-8F63F38BED25}"
EndProject
Project("{8BC9CEB8-8B4A-11D0-8D11-00A0C91BC942}") = "zlib", "ExtLibs\zlib\zlib.vcxproj", "{CBD9195C-24A9-4367-A837-3EAC4DB9262E}"
EndProject
Project("{8BC9CEB8-8B4A-11D0-8D11-00A0C91BC942}") = "SpeedTest", "SpeedTest\SpeedTest.vcxproj", "{1FB07522-C5DC-46B1-8864-C583CB34D961}"
EndProject
Project("{8BC9CEB8-8B4A-11D0-8D11-00A0C91BC942}") = "Install", "Install\Install.vcxproj", "{C21F95DF-D868-477D-89F9-AA5F8FAA9A67}"
EndProject
Project("{8BC9CEB8-8B4A-11D0-8D11-00A0C91BC942}") = "libzxing", "libzxing\libzxing.vcxproj", "{E1BC0ACB-38FD-4742-85B8-B4EC998A2CCF}"
EndProject
Global
	GlobalSection(SolutionConfigurationPlatforms) = preSolution
		Debug|Mixed Platforms = Debug|Mixed Platforms
		Debug|Win32 = Debug|Win32
		Debug|x64 = Debug|x64
		Release|Mixed Platforms = Release|Mixed Platforms
		Release|Win32 = Release|Win32
		Release|x64 = Release|x64
	EndGlobalSection
	GlobalSection(ProjectConfigurationPlatforms) = postSolution
		{281004F3-10D1-49C0-BC56-B2D4D3E65DE3}.Debug|Mixed Platforms.ActiveCfg = Debug|Win32
		{281004F3-10D1-49C0-BC56-B2D4D3E65DE3}.Debug|Mixed Platforms.Build.0 = Debug|Win32
		{281004F3-10D1-49C0-BC56-B2D4D3E65DE3}.Debug|Win32.ActiveCfg = Debug|Win32
		{281004F3-10D1-49C0-BC56-B2D4D3E65DE3}.Debug|Win32.Build.0 = Debug|Win32
		{281004F3-10D1-49C0-BC56-B2D4D3E65DE3}.Debug|x64.ActiveCfg = Debug|x64
		{281004F3-10D1-49C0-BC56-B2D4D3E65DE3}.Debug|x64.Build.0 = Debug|x64
		{281004F3-10D1-49C0-BC56-B2D4D3E65DE3}.Release|Mixed Platforms.ActiveCfg = Release|Win32
		{281004F3-10D1-49C0-BC56-B2D4D3E65DE3}.Release|Mixed Platforms.Build.0 = Release|Win32
		{281004F3-10D1-49C0-BC56-B2D4D3E65DE3}.Release|Win32.ActiveCfg = Release|Win32
		{281004F3-10D1-49C0-BC56-B2D4D3E65DE3}.Release|Win32.Build.0 = Release|Win32
		{281004F3-10D1-49C0-BC56-B2D4D3E65DE3}.Release|x64.ActiveCfg = Release|x64
		{281004F3-10D1-49C0-BC56-B2D4D3E65DE3}.Release|x64.Build.0 = Release|x64
		{EB9D9565-3042-43AA-A770-2631BAB2BCCF}.Debug|Mixed Platforms.ActiveCfg = Debug|Win32
		{EB9D9565-3042-43AA-A770-2631BAB2BCCF}.Debug|Mixed Platforms.Build.0 = Debug|Win32
		{EB9D9565-3042-43AA-A770-2631BAB2BCCF}.Debug|Win32.ActiveCfg = Debug|Win32
		{EB9D9565-3042-43AA-A770-2631BAB2BCCF}.Debug|Win32.Build.0 = Debug|Win32
		{EB9D9565-3042-43AA-A770-2631BAB2BCCF}.Debug|x64.ActiveCfg = Debug|x64
		{EB9D9565-3042-43AA-A770-2631BAB2BCCF}.Debug|x64.Build.0 = Debug|x64
		{EB9D9565-3042-43AA-A770-2631BAB2BCCF}.Release|Mixed Platforms.ActiveCfg = Release|Win32
		{EB9D9565-3042-43AA-A770-2631BAB2BCCF}.Release|Mixed Platforms.Build.0 = Release|Win32
		{EB9D9565-3042-43AA-A770-2631BAB2BCCF}.Release|Win32.ActiveCfg = Release|Win32
		{EB9D9565-3042-43AA-A770-2631BAB2BCCF}.Release|Win32.Build.0 = Release|Win32
		{EB9D9565-3042-43AA-A770-2631BAB2BCCF}.Release|x64.ActiveCfg = Release|x64
		{EB9D9565-3042-43AA-A770-2631BAB2BCCF}.Release|x64.Build.0 = Release|x64
		{9C478BA8-0397-448C-B0A8-351470602296}.Debug|Mixed Platforms.ActiveCfg = Debug|Win32
		{9C478BA8-0397-448C-B0A8-351470602296}.Debug|Mixed Platforms.Build.0 = Debug|Win32
		{9C478BA8-0397-448C-B0A8-351470602296}.Debug|Win32.ActiveCfg = Debug|Win32
		{9C478BA8-0397-448C-B0A8-351470602296}.Debug|Win32.Build.0 = Debug|Win32
		{9C478BA8-0397-448C-B0A8-351470602296}.Debug|x64.ActiveCfg = Debug|x64
		{9C478BA8-0397-448C-B0A8-351470602296}.Debug|x64.Build.0 = Debug|x64
		{9C478BA8-0397-448C-B0A8-351470602296}.Release|Mixed Platforms.ActiveCfg = Release|Win32
		{9C478BA8-0397-448C-B0A8-351470602296}.Release|Mixed Platforms.Build.0 = Release|Win32
		{9C478BA8-0397-448C-B0A8-351470602296}.Release|Win32.ActiveCfg = Release|Win32
		{9C478BA8-0397-448C-B0A8-351470602296}.Release|Win32.Build.0 = Release|Win32
		{9C478BA8-0397-448C-B0A8-351470602296}.Release|x64.ActiveCfg = Release|x64
		{9C478BA8-0397-448C-B0A8-351470602296}.Release|x64.Build.0 = Release|x64
		{948F2892-2DE7-492D-AE30-F1A0F73F901B}.Debug|Mixed Platforms.ActiveCfg = Debug|Win32
		{948F2892-2DE7-492D-AE30-F1A0F73F901B}.Debug|Mixed Platforms.Build.0 = Debug|Win32
		{948F2892-2DE7-492D-AE30-F1A0F73F901B}.Debug|Win32.ActiveCfg = Debug|Win32
		{948F2892-2DE7-492D-AE30-F1A0F73F901B}.Debug|Win32.Build.0 = Debug|Win32
		{948F2892-2DE7-492D-AE30-F1A0F73F901B}.Debug|x64.ActiveCfg = Debug|x64
		{948F2892-2DE7-492D-AE30-F1A0F73F901B}.Release|Mixed Platforms.ActiveCfg = Release|Win32
		{948F2892-2DE7-492D-AE30-F1A0F73F901B}.Release|Mixed Platforms.Build.0 = Release|Win32
		{948F2892-2DE7-492D-AE30-F1A0F73F901B}.Release|Win32.ActiveCfg = Release|Win32
		{948F2892-2DE7-492D-AE30-F1A0F73F901B}.Release|Win32.Build.0 = Release|Win32
		{948F2892-2DE7-492D-AE30-F1A0F73F901B}.Release|x64.ActiveCfg = Release|x64
		{948F2892-2DE7-492D-AE30-F1A0F73F901B}.Release|x64.Build.0 = Release|x64
		{B12702AD-ABFB-343A-A199-8E24837244A3}.Debug|Mixed Platforms.ActiveCfg = Debug|Win32
		{B12702AD-ABFB-343A-A199-8E24837244A3}.Debug|Mixed Platforms.Build.0 = Debug|Win32
		{B12702AD-ABFB-343A-A199-8E24837244A3}.Debug|Win32.ActiveCfg = Debug|Win32
		{B12702AD-ABFB-343A-A199-8E24837244A3}.Debug|Win32.Build.0 = Debug|Win32
		{B12702AD-ABFB-343A-A199-8E24837244A3}.Debug|x64.ActiveCfg = Debug|x64
		{B12702AD-ABFB-343A-A199-8E24837244A3}.Debug|x64.Build.0 = Debug|x64
		{B12702AD-ABFB-343A-A199-8E24837244A3}.Release|Mixed Platforms.ActiveCfg = Release|Win32
		{B12702AD-ABFB-343A-A199-8E24837244A3}.Release|Mixed Platforms.Build.0 = Release|Win32
		{B12702AD-ABFB-343A-A199-8E24837244A3}.Release|Win32.ActiveCfg = Release|Win32
		{B12702AD-ABFB-343A-A199-8E24837244A3}.Release|Win32.Build.0 = Release|Win32
		{B12702AD-ABFB-343A-A199-8E24837244A3}.Release|x64.ActiveCfg = Release|x64
		{B12702AD-ABFB-343A-A199-8E24837244A3}.Release|x64.Build.0 = Release|x64
		{88F7BEA9-0810-464D-A949-8F63F38BED25}.Debug|Mixed Platforms.ActiveCfg = Debug|Win32
		{88F7BEA9-0810-464D-A949-8F63F38BED25}.Debug|Mixed Platforms.Build.0 = Debug|Win32
		{88F7BEA9-0810-464D-A949-8F63F38BED25}.Debug|Win32.ActiveCfg = Debug|Win32
		{88F7BEA9-0810-464D-A949-8F63F38BED25}.Debug|Win32.Build.0 = Debug|Win32
		{88F7BEA9-0810-464D-A949-8F63F38BED25}.Debug|x64.ActiveCfg = Debug|x64
		{88F7BEA9-0810-464D-A949-8F63F38BED25}.Debug|x64.Build.0 = Debug|x64
		{88F7BEA9-0810-464D-A949-8F63F38BED25}.Release|Mixed Platforms.ActiveCfg = Release|Win32
		{88F7BEA9-0810-464D-A949-8F63F38BED25}.Release|Mixed Platforms.Build.0 = Release|Win32
		{88F7BEA9-0810-464D-A949-8F63F38BED25}.Release|Win32.ActiveCfg = Release|Win32
		{88F7BEA9-0810-464D-A949-8F63F38BED25}.Release|Win32.Build.0 = Release|Win32
		{88F7BEA9-0810-464D-A949-8F63F38BED25}.Release|x64.ActiveCfg = Release|x64
		{88F7BEA9-0810-464D-A949-8F63F38BED25}.Release|x64.Build.0 = Release|x64
		{CBD9195C-24A9-4367-A837-3EAC4DB9262E}.Debug|Mixed Platforms.ActiveCfg = Debug|Win32
		{CBD9195C-24A9-4367-A837-3EAC4DB9262E}.Debug|Mixed Platforms.Build.0 = Debug|Win32
		{CBD9195C-24A9-4367-A837-3EAC4DB9262E}.Debug|Win32.ActiveCfg = Debug|Win32
		{CBD9195C-24A9-4367-A837-3EAC4DB9262E}.Debug|Win32.Build.0 = Debug|Win32
		{CBD9195C-24A9-4367-A837-3EAC4DB9262E}.Debug|x64.ActiveCfg = Debug|x64
		{CBD9195C-24A9-4367-A837-3EAC4DB9262E}.Debug|x64.Build.0 = Debug|x64
		{CBD9195C-24A9-4367-A837-3EAC4DB9262E}.Release|Mixed Platforms.ActiveCfg = Release|Win32
		{CBD9195C-24A9-4367-A837-3EAC4DB9262E}.Release|Mixed Platforms.Build.0 = Release|Win32
		{CBD9195C-24A9-4367-A837-3EAC4DB9262E}.Release|Win32.ActiveCfg = Release|Win32
		{CBD9195C-24A9-4367-A837-3EAC4DB9262E}.Release|Win32.Build.0 = Release|Win32
		{CBD9195C-24A9-4367-A837-3EAC4DB9262E}.Release|x64.ActiveCfg = Release|x64
		{CBD9195C-24A9-4367-A837-3EAC4DB9262E}.Release|x64.Build.0 = Release|x64
		{1FB07522-C5DC-46B1-8864-C583CB34D961}.Debug|Mixed Platforms.ActiveCfg = Debug|Win32
		{1FB07522-C5DC-46B1-8864-C583CB34D961}.Debug|Mixed Platforms.Build.0 = Debug|Win32
		{1FB07522-C5DC-46B1-8864-C583CB34D961}.Debug|Win32.ActiveCfg = Debug|Win32
		{1FB07522-C5DC-46B1-8864-C583CB34D961}.Debug|Win32.Build.0 = Debug|Win32
		{1FB07522-C5DC-46B1-8864-C583CB34D961}.Debug|x64.ActiveCfg = Debug|x64
		{1FB07522-C5DC-46B1-8864-C583CB34D961}.Release|Mixed Platforms.ActiveCfg = Release|Win32
		{1FB07522-C5DC-46B1-8864-C583CB34D961}.Release|Mixed Platforms.Build.0 = Release|Win32
		{1FB07522-C5DC-46B1-8864-C583CB34D961}.Release|Win32.ActiveCfg = Release|Win32
		{1FB07522-C5DC-46B1-8864-C583CB34D961}.Release|Win32.Build.0 = Release|Win32
		{1FB07522-C5DC-46B1-8864-C583CB34D961}.Release|x64.ActiveCfg = Release|x64
		{1FB07522-C5DC-46B1-8864-C583CB34D961}.Release|x64.Build.0 = Release|x64
		{C21F95DF-D868-477D-89F9-AA5F8FAA9A67}.Debug|Mixed Platforms.ActiveCfg = Debug|Win32
		{C21F95DF-D868-477D-89F9-AA5F8FAA9A67}.Debug|Mixed Platforms.Build.0 = Debug|Win32
		{C21F95DF-D868-477D-89F9-AA5F8FAA9A67}.Debug|Win32.ActiveCfg = Debug|Win32
		{C21F95DF-D868-477D-89F9-AA5F8FAA9A67}.Debug|Win32.Build.0 = Debug|Win32
		{C21F95DF-D868-477D-89F9-AA5F8FAA9A67}.Debug|x64.ActiveCfg = Debug|x64
		{C21F95DF-D868-477D-89F9-AA5F8FAA9A67}.Release|Mixed Platforms.ActiveCfg = Release|Win32
		{C21F95DF-D868-477D-89F9-AA5F8FAA9A67}.Release|Mixed Platforms.Build.0 = Release|Win32
		{C21F95DF-D868-477D-89F9-AA5F8FAA9A67}.Release|Win32.ActiveCfg = Release|Win32
		{C21F95DF-D868-477D-89F9-AA5F8FAA9A67}.Release|Win32.Build.0 = Release|Win32
		{C21F95DF-D868-477D-89F9-AA5F8FAA9A67}.Release|x64.ActiveCfg = Release|x64
		{E1BC0ACB-38FD-4742-85B8-B4EC998A2CCF}.Debug|Mixed Platforms.ActiveCfg = Debug|Win32
		{E1BC0ACB-38FD-4742-85B8-B4EC998A2CCF}.Debug|Mixed Platforms.Build.0 = Debug|Win32
		{E1BC0ACB-38FD-4742-85B8-B4EC998A2CCF}.Debug|Win32.ActiveCfg = Debug|Win32
		{E1BC0ACB-38FD-4742-85B8-B4EC998A2CCF}.Debug|Win32.Build.0 = Debug|Win32
		{E1BC0ACB-38FD-4742-85B8-B4EC998A2CCF}.Debug|x64.ActiveCfg = Debug|x64
		{E1BC0ACB-38FD-4742-85B8-B4EC998A2CCF}.Release|Mixed Platforms.ActiveCfg = Release|Win32
		{E1BC0ACB-38FD-4742-85B8-B4EC998A2CCF}.Release|Mixed Platforms.Build.0 = Release|Win32
		{E1BC0ACB-38FD-4742-85B8-B4EC998A2CCF}.Release|Win32.ActiveCfg = Release|Win32
		{E1BC0ACB-38FD-4742-85B8-B4EC998A2CCF}.Release|Win32.Build.0 = Release|Win32
		{E1BC0ACB-38FD-4742-85B8-B4EC998A2CCF}.Release|x64.ActiveCfg = Release|x64
	EndGlobalSection
	GlobalSection(SolutionProperties) = preSolution
		HideSolutionNode = FALSE
	EndGlobalSection
EndGlobal
