<?xml version="1.0" encoding="utf-8"?>
<Project ToolsVersion="4.0" xmlns="http://schemas.microsoft.com/developer/msbuild/2003">
  <ItemGroup>
    <Filter Include="Source Files">
      <UniqueIdentifier>{4FC737F1-C7A5-4376-A066-2A32D752A2FF}</UniqueIdentifier>
      <Extensions>cpp;cxx;c;def</Extensions>
    </Filter>
    <Filter Include="Header Files">
      <UniqueIdentifier>{93995380-89BD-4b04-88EB-625FBE52EBFB}</UniqueIdentifier>
      <Extensions>h</Extensions>
    </Filter>
    <Filter Include="Form Files">
      <UniqueIdentifier>{99349809-55BA-4b9d-BF79-8FDBB0286EB3}</UniqueIdentifier>
      <Extensions>ui</Extensions>
    </Filter>
    <Filter Include="Resource Files">
      <UniqueIdentifier>{D9D6E242-F8AF-46E4-B9FD-80ECBC20BA3E}</UniqueIdentifier>
      <Extensions>qrc;*</Extensions>
      <ParseFiles>false</ParseFiles>
    </Filter>
    <Filter Include="Generated Files">
      <UniqueIdentifier>{71ED8ED8-ACB9-4CE9-BBE1-E00B30144E11}</UniqueIdentifier>
      <Extensions>moc;h;cpp</Extensions>
      <SourceControlFiles>False</SourceControlFiles>
    </Filter>
    <Filter Include="Generated Files\Debug">
      <UniqueIdentifier>{44d1e024-11e7-4165-85a1-c0d9e72a7356}</UniqueIdentifier>
      <Extensions>cpp;moc</Extensions>
      <SourceControlFiles>False</SourceControlFiles>
    </Filter>
    <Filter Include="Generated Files\Release">
      <UniqueIdentifier>{606aab2f-47bd-4a11-bfee-70d01ef0d0f2}</UniqueIdentifier>
      <Extensions>cpp;moc</Extensions>
      <SourceControlFiles>False</SourceControlFiles>
    </Filter>
  </ItemGroup>
  <ItemGroup>
    <ClCompile Include="main.cpp">
      <Filter>Source Files</Filter>
    </ClCompile>
    <ClCompile Include="visionwidget.cpp">
      <Filter>Source Files</Filter>
    </ClCompile>
    <ClCompile Include="GeneratedFiles\Debug\moc_visionwidget.cpp">
      <Filter>Generated Files\Debug</Filter>
    </ClCompile>
    <ClCompile Include="GeneratedFiles\Release\moc_visionwidget.cpp">
      <Filter>Generated Files\Release</Filter>
    </ClCompile>
    <ClCompile Include="GeneratedFiles\qrc_visionwidget.cpp">
      <Filter>Generated Files</Filter>
    </ClCompile>
    <ClCompile Include="visionview.cpp">
      <Filter>Source Files</Filter>
    </ClCompile>
    <ClCompile Include="GeneratedFiles\Debug\moc_visionview.cpp">
      <Filter>Generated Files\Debug</Filter>
    </ClCompile>
    <ClCompile Include="GeneratedFiles\Release\moc_visionview.cpp">
      <Filter>Generated Files\Release</Filter>
    </ClCompile>
    <ClCompile Include="dialogeditmask.cpp">
      <Filter>Source Files</Filter>
    </ClCompile>
    <ClCompile Include="GeneratedFiles\Debug\moc_dialogeditmask.cpp">
      <Filter>Generated Files\Debug</Filter>
    </ClCompile>
    <ClCompile Include="GeneratedFiles\Release\moc_dialogeditmask.cpp">
      <Filter>Generated Files\Release</Filter>
    </ClCompile>
    <ClCompile Include="visionviewtoolbox.cpp">
      <Filter>Source Files</Filter>
    </ClCompile>
    <ClCompile Include="GeneratedFiles\Debug\moc_VisionViewToolBox.cpp">
      <Filter>Generated Files\Debug</Filter>
    </ClCompile>
    <ClCompile Include="GeneratedFiles\Release\moc_VisionViewToolBox.cpp">
      <Filter>Generated Files\Release</Filter>
    </ClCompile>
    <ClCompile Include="Procedure.cpp">
      <Filter>Source Files</Filter>
    </ClCompile>
    <ClCompile Include="messageboxdialog.cpp">
      <Filter>Source Files</Filter>
    </ClCompile>
    <ClCompile Include="GeneratedFiles\Debug\moc_messageboxdialog.cpp">
      <Filter>Generated Files\Debug</Filter>
    </ClCompile>
    <ClCompile Include="GeneratedFiles\Release\moc_messageboxdialog.cpp">
      <Filter>Generated Files\Release</Filter>
    </ClCompile>
    <ClCompile Include="dialogvisiontoolbox.cpp">
      <Filter>Source Files</Filter>
    </ClCompile>
    <ClCompile Include="GeneratedFiles\Debug\moc_dialogvisiontoolbox.cpp">
      <Filter>Generated Files\Debug</Filter>
    </ClCompile>
    <ClCompile Include="GeneratedFiles\Release\moc_dialogvisiontoolbox.cpp">
      <Filter>Generated Files\Release</Filter>
    </ClCompile>
    <ClCompile Include="OcrProcedure.cpp">
      <Filter>Source Files</Filter>
    </ClCompile>
    <ClCompile Include="SrchFiducialProcedure.cpp">
      <Filter>Source Files</Filter>
    </ClCompile>
    <ClCompile Include="FitParallelLineProcedure.cpp">
      <Filter>Source Files</Filter>
    </ClCompile>
    <ClCompile Include="FitRectProcedure.cpp">
      <Filter>Source Files</Filter>
    </ClCompile>
    <ClCompile Include="CheckIntensityProcedure.cpp">
      <Filter>Source Files</Filter>
    </ClCompile>
    <ClCompile Include="GeneratedFiles\Debug\moc_FilterWidget.cpp">
      <Filter>Generated Files\Debug</Filter>
    </ClCompile>
    <ClCompile Include="GeneratedFiles\Release\moc_FilterWidget.cpp">
      <Filter>Generated Files\Release</Filter>
    </ClCompile>
    <ClCompile Include="FilterWidget.cpp">
      <Filter>Source Files</Filter>
    </ClCompile>
    <ClCompile Include="ThresholdWidget.cpp">
      <Filter>Source Files</Filter>
    </ClCompile>
    <ClCompile Include="GeneratedFiles\Debug\moc_ThresholdWidget.cpp">
      <Filter>Generated Files\Debug</Filter>
    </ClCompile>
    <ClCompile Include="GeneratedFiles\Release\moc_ThresholdWidget.cpp">
      <Filter>Generated Files\Release</Filter>
    </ClCompile>
    <ClCompile Include="GrayScaleWidget.cpp">
      <Filter>Source Files</Filter>
    </ClCompile>
    <ClCompile Include="GeneratedFiles\Debug\moc_GrayScaleWidget.cpp">
      <Filter>Generated Files\Debug</Filter>
    </ClCompile>
    <ClCompile Include="GeneratedFiles\Release\moc_GrayScaleWidget.cpp">
      <Filter>Generated Files\Release</Filter>
    </ClCompile>
    <ClCompile Include="BaseProcessWidget.cpp">
      <Filter>Source Files</Filter>
    </ClCompile>
    <ClCompile Include="GeneratedFiles\Debug\moc_BaseProcessWidget.cpp">
      <Filter>Generated Files\Debug</Filter>
    </ClCompile>
    <ClCompile Include="GeneratedFiles\Release\moc_BaseProcessWidget.cpp">
      <Filter>Generated Files\Release</Filter>
    </ClCompile>
    <ClCompile Include="GeneratedFiles\Debug\moc_CCWidget.cpp">
      <Filter>Generated Files\Debug</Filter>
    </ClCompile>
    <ClCompile Include="GeneratedFiles\Release\moc_CCWidget.cpp">
      <Filter>Generated Files\Release</Filter>
    </ClCompile>
    <ClCompile Include="CCWidget.cpp">
      <Filter>Source Files</Filter>
    </ClCompile>
    <ClCompile Include="GeneratedFiles\Debug\moc_EdgeDetectWidget.cpp">
      <Filter>Generated Files\Debug</Filter>
    </ClCompile>
    <ClCompile Include="GeneratedFiles\Release\moc_EdgeDetectWidget.cpp">
      <Filter>Generated Files\Release</Filter>
    </ClCompile>
    <ClCompile Include="EdgeDetectWidget.cpp">
      <Filter>Source Files</Filter>
    </ClCompile>
    <ClCompile Include="GeneratedFiles\Debug\moc_FillHoleWidget.cpp">
      <Filter>Generated Files\Debug</Filter>
    </ClCompile>
    <ClCompile Include="GeneratedFiles\Release\moc_FillHoleWidget.cpp">
      <Filter>Generated Files\Release</Filter>
    </ClCompile>
    <ClCompile Include="FillHoleWidget.cpp">
      <Filter>Source Files</Filter>
    </ClCompile>
  </ItemGroup>
  <ItemGroup>
    <CustomBuild Include="visionwidget.h">
      <Filter>Header Files</Filter>
    </CustomBuild>
    <CustomBuild Include="visionwidget.ui">
      <Filter>Form Files</Filter>
    </CustomBuild>
    <CustomBuild Include="visionwidget.qrc">
      <Filter>Resource Files</Filter>
    </CustomBuild>
    <CustomBuild Include="visionview.h">
      <Filter>Header Files</Filter>
    </CustomBuild>
    <CustomBuild Include="dialogeditmask.h">
      <Filter>Header Files</Filter>
    </CustomBuild>
    <CustomBuild Include="dialogeditmask.ui">
      <Filter>Form Files</Filter>
    </CustomBuild>
    <CustomBuild Include="VisionViewToolBox.h">
      <Filter>Header Files</Filter>
    </CustomBuild>
    <CustomBuild Include="visionviewtoolbox.ui">
      <Filter>Form Files</Filter>
    </CustomBuild>
    <CustomBuild Include="messageboxdialog.h">
      <Filter>Header Files</Filter>
    </CustomBuild>
    <CustomBuild Include="messageboxdialog.ui">
      <Filter>Form Files</Filter>
    </CustomBuild>
    <CustomBuild Include="dialogvisiontoolbox.h">
      <Filter>Header Files</Filter>
    </CustomBuild>
    <CustomBuild Include="dialogvisiontoolbox.ui">
      <Filter>Form Files</Filter>
    </CustomBuild>
    <CustomBuild Include="FilterWidget.h">
      <Filter>Header Files</Filter>
    </CustomBuild>
    <CustomBuild Include="FilterWidget.ui">
      <Filter>Form Files</Filter>
    </CustomBuild>
    <CustomBuild Include="ThresholdWidget.h">
      <Filter>Header Files</Filter>
    </CustomBuild>
    <CustomBuild Include="ThresholdWidget.ui">
      <Filter>Form Files</Filter>
    </CustomBuild>
    <CustomBuild Include="GrayScaleWidget.h">
      <Filter>Header Files</Filter>
    </CustomBuild>
    <CustomBuild Include="GrayScaleWidget.ui">
      <Filter>Form Files</Filter>
    </CustomBuild>
    <CustomBuild Include="BaseProcessWidget.h">
      <Filter>Header Files</Filter>
    </CustomBuild>
    <CustomBuild Include="CCWidget.h">
      <Filter>Header Files</Filter>
    </CustomBuild>
    <CustomBuild Include="CCWidget.ui">
      <Filter>Form Files</Filter>
    </CustomBuild>
    <CustomBuild Include="EdgeDetectWidget.h">
      <Filter>Header Files</Filter>
    </CustomBuild>
    <CustomBuild Include="EdgeDetectWidget.ui">
      <Filter>Form Files</Filter>
    </CustomBuild>
    <CustomBuild Include="FillHoleWidget.h">
      <Filter>Header Files</Filter>
    </CustomBuild>
    <CustomBuild Include="FillHoleWidget.ui">
      <Filter>Form Files</Filter>
    </CustomBuild>
  </ItemGroup>
  <ItemGroup>
    <ClInclude Include="GeneratedFiles\ui_visionwidget.h">
      <Filter>Generated Files</Filter>
    </ClInclude>
    <ClInclude Include="GeneratedFiles\ui_dialogeditmask.h">
      <Filter>Generated Files</Filter>
    </ClInclude>
    <ClInclude Include="constants.h">
      <Filter>Header Files</Filter>
    </ClInclude>
    <ClInclude Include="GeneratedFiles\ui_visionviewtoolbox.h">
      <Filter>Generated Files</Filter>
    </ClInclude>
    <ClInclude Include="Procedure.h">
      <Filter>Header Files</Filter>
    </ClInclude>
    <ClInclude Include="GeneratedFiles\ui_messageboxdialog.h">
      <Filter>Generated Files</Filter>
    </ClInclude>
    <ClInclude Include="GeneratedFiles\ui_dialogvisiontoolbox.h">
      <Filter>Generated Files</Filter>
    </ClInclude>
    <ClInclude Include="OcrProcedure.h">
      <Filter>Header Files</Filter>
    </ClInclude>
    <ClInclude Include="SrchFiducialProcedure.h">
      <Filter>Header Files</Filter>
    </ClInclude>
    <ClInclude Include="FitParallelLineProcedure.h">
      <Filter>Header Files</Filter>
    </ClInclude>
    <ClInclude Include="FitRectProcedure.h">
      <Filter>Header Files</Filter>
    </ClInclude>
    <ClInclude Include="CheckIntensityProcedure.h">
      <Filter>Header Files</Filter>
    </ClInclude>
    <ClInclude Include="GeneratedFiles\ui_FilterWidget.h">
      <Filter>Generated Files</Filter>
    </ClInclude>
    <ClInclude Include="GeneratedFiles\ui_ThresholdWidget.h">
      <Filter>Generated Files</Filter>
    </ClInclude>
    <ClInclude Include="GeneratedFiles\ui_GrayScaleWidget.h">
      <Filter>Generated Files</Filter>
    </ClInclude>
    <ClInclude Include="GeneratedFiles\ui_CCWidget.h">
      <Filter>Generated Files</Filter>
    </ClInclude>
    <ClInclude Include="GeneratedFiles\ui_EdgeDetectWidget.h">
      <Filter>Generated Files</Filter>
    </ClInclude>
    <ClInclude Include="GeneratedFiles\ui_FillHoleWidget.h">
      <Filter>Generated Files</Filter>
    </ClInclude>
  </ItemGroup>
</Project>